
Microsoft Visual Studio Solution File, Format Version 12.00
# Visual Studio Version 16
VisualStudioVersion = 16.0.32126.315
MinimumVisualStudioVersion = 10.0.40219.1
Project("{FAE04EC0-301F-11D3-BF4B-00C04F79EFBC}") = "TelHai.DotNet.PlayerProject", "TelHai.DotNet.PlayerProject\TelHai.DotNet.PlayerProject.csproj", "{60D8262D-9948-4FB1-BBA8-EA6A08AFB307}"
EndProject
Global
	GlobalSection(SolutionConfigurationPlatforms) = preSolution
		Debug|Any CPU = Debug|Any CPU
		Release|Any CPU = Release|Any CPU
	EndGlobalSection
	GlobalSection(ProjectConfigurationPlatforms) = postSolution
		{60D8262D-9948-4FB1-BBA8-EA6A08AFB307}.Debug|Any CPU.ActiveCfg = Debug|Any CPU
		{60D8262D-9948-4FB1-BBA8-EA6A08AFB307}.Debug|Any CPU.Build.0 = Debug|Any CPU
		{60D8262D-9948-4FB1-BBA8-EA6A08AFB307}.Release|Any CPU.ActiveCfg = Release|Any CPU
		{60D8262D-9948-4FB1-BBA8-EA6A08AFB307}.Release|Any CPU.Build.0 = Release|Any CPU
	EndGlobalSection
	GlobalSection(SolutionProperties) = preSolution
		HideSolutionNode = FALSE
	EndGlobalSection
	GlobalSection(ExtensibilityGlobals) = postSolution
		SolutionGuid = {CEB491A9-EF4C-450D-A088-72B9D9751061}
	EndGlobalSection
EndGlobal
